
Microsoft Visual Studio Solution File, Format Version 12.00
# Visual Studio Version 17
VisualStudioVersion = 17.13.35828.75
MinimumVisualStudioVersion = 10.0.40219.1
Project("{FAE04EC0-301F-11D3-BF4B-00C04F79EFBC}") = "core", "Class_Lib\core.csproj", "{5EF50523-66EC-40B1-8C0D-7773DFD1DC00}"
EndProject
Project("{FAE04EC0-301F-11D3-BF4B-00C04F79EFBC}") = "application", "application\application.csproj", "{72D28F41-6D81-416D-8D27-94935F609169}"
EndProject
Project("{FAE04EC0-301F-11D3-BF4B-00C04F79EFBC}") = "application-tests", "application-tests\application-tests.csproj", "{4D61B8E1-8122-482F-9AC3-2CA4BB051BE9}"
EndProject
Project("{FAE04EC0-301F-11D3-BF4B-00C04F79EFBC}") = "infrastructure", "infrastructure\infrastructure.csproj", "{618525D7-66AA-4AC8-BEC6-6D087D1A707D}"
EndProject
Global
	GlobalSection(SolutionConfigurationPlatforms) = preSolution
		Debug|Any CPU = Debug|Any CPU
		Release|Any CPU = Release|Any CPU
	EndGlobalSection
	GlobalSection(ProjectConfigurationPlatforms) = postSolution
		{5EF50523-66EC-40B1-8C0D-7773DFD1DC00}.Debug|Any CPU.ActiveCfg = Debug|Any CPU
		{5EF50523-66EC-40B1-8C0D-7773DFD1DC00}.Debug|Any CPU.Build.0 = Debug|Any CPU
		{5EF50523-66EC-40B1-8C0D-7773DFD1DC00}.Release|Any CPU.ActiveCfg = Release|Any CPU
		{5EF50523-66EC-40B1-8C0D-7773DFD1DC00}.Release|Any CPU.Build.0 = Release|Any CPU
		{72D28F41-6D81-416D-8D27-94935F609169}.Debug|Any CPU.ActiveCfg = Debug|Any CPU
		{72D28F41-6D81-416D-8D27-94935F609169}.Debug|Any CPU.Build.0 = Debug|Any CPU
		{72D28F41-6D81-416D-8D27-94935F609169}.Release|Any CPU.ActiveCfg = Release|Any CPU
		{72D28F41-6D81-416D-8D27-94935F609169}.Release|Any CPU.Build.0 = Release|Any CPU
		{4D61B8E1-8122-482F-9AC3-2CA4BB051BE9}.Debug|Any CPU.ActiveCfg = Debug|Any CPU
		{4D61B8E1-8122-482F-9AC3-2CA4BB051BE9}.Debug|Any CPU.Build.0 = Debug|Any CPU
		{4D61B8E1-8122-482F-9AC3-2CA4BB051BE9}.Release|Any CPU.ActiveCfg = Release|Any CPU
		{4D61B8E1-8122-482F-9AC3-2CA4BB051BE9}.Release|Any CPU.Build.0 = Release|Any CPU
		{618525D7-66AA-4AC8-BEC6-6D087D1A707D}.Debug|Any CPU.ActiveCfg = Debug|Any CPU
		{618525D7-66AA-4AC8-BEC6-6D087D1A707D}.Debug|Any CPU.Build.0 = Debug|Any CPU
		{618525D7-66AA-4AC8-BEC6-6D087D1A707D}.Release|Any CPU.ActiveCfg = Release|Any CPU
		{618525D7-66AA-4AC8-BEC6-6D087D1A707D}.Release|Any CPU.Build.0 = Release|Any CPU
	EndGlobalSection
	GlobalSection(SolutionProperties) = preSolution
		HideSolutionNode = FALSE
	EndGlobalSection
	GlobalSection(ExtensibilityGlobals) = postSolution
		SolutionGuid = {C913E8F6-6009-4AE5-9465-DDB9000C3717}
	EndGlobalSection
EndGlobal
